
Microsoft Visual Studio Solution File, Format Version 12.00
# Visual Studio Version 17
VisualStudioVersion = 17.7.34031.279
MinimumVisualStudioVersion = 10.0.40219.1
Project("{FAE04EC0-301F-11D3-BF4B-00C04F79EFBC}") = "ÖvningAldor", "ÖvningAldor\ÖvningAldor.csproj", "{C91CBCA4-2DC5-4F5C-BF51-E426D5F382A3}"
EndProject
Global
	GlobalSection(SolutionConfigurationPlatforms) = preSolution
		Debug|Any CPU = Debug|Any CPU
		Release|Any CPU = Release|Any CPU
	EndGlobalSection
	GlobalSection(ProjectConfigurationPlatforms) = postSolution
		{C91CBCA4-2DC5-4F5C-BF51-E426D5F382A3}.Debug|Any CPU.ActiveCfg = Debug|Any CPU
		{C91CBCA4-2DC5-4F5C-BF51-E426D5F382A3}.Debug|Any CPU.Build.0 = Debug|Any CPU
		{C91CBCA4-2DC5-4F5C-BF51-E426D5F382A3}.Release|Any CPU.ActiveCfg = Release|Any CPU
		{C91CBCA4-2DC5-4F5C-BF51-E426D5F382A3}.Release|Any CPU.Build.0 = Release|Any CPU
	EndGlobalSection
	GlobalSection(SolutionProperties) = preSolution
		HideSolutionNode = FALSE
	EndGlobalSection
	GlobalSection(ExtensibilityGlobals) = postSolution
		SolutionGuid = {42BE2FA1-72B7-42FE-9451-8D35CC0D5191}
	EndGlobalSection
EndGlobal
